// !$*UTF8*$!
{
	archiveVersion = 1;
	classes = {
	};
	objectVersion = 50;
	objects = {

/* Begin PBXBuildFile section */
		D32C2DE3211B9D60008089AC /* AppDelegate.swift in Sources */ = {isa = PBXBuildFile; fileRef = D32C2DE2211B9D60008089AC /* AppDelegate.swift */; };
		D32C2DE5211B9D60008089AC /* SplashViewController.swift in Sources */ = {isa = PBXBuildFile; fileRef = D32C2DE4211B9D60008089AC /* SplashViewController.swift */; };
		D32C2DE8211B9D60008089AC /* Main.storyboard in Resources */ = {isa = PBXBuildFile; fileRef = D32C2DE6211B9D60008089AC /* Main.storyboard */; };
		D32C2DEA211B9D62008089AC /* Assets.xcassets in Resources */ = {isa = PBXBuildFile; fileRef = D32C2DE9211B9D62008089AC /* Assets.xcassets */; };
		D32C2DED211B9D62008089AC /* LaunchScreen.storyboard in Resources */ = {isa = PBXBuildFile; fileRef = D32C2DEB211B9D62008089AC /* LaunchScreen.storyboard */; };
		D32C2DF7211BA049008089AC /* electricityimage.jpg in Resources */ = {isa = PBXBuildFile; fileRef = D32C2DF6211BA049008089AC /* electricityimage.jpg */; };
		D32C2DF9211BA639008089AC /* LoginScreenViewController.swift in Sources */ = {isa = PBXBuildFile; fileRef = D32C2DF8211BA639008089AC /* LoginScreenViewController.swift */; };
		D32C2DFB211BACD7008089AC /* ElectricityBillViewController.swift in Sources */ = {isa = PBXBuildFile; fileRef = D32C2DFA211BACD7008089AC /* ElectricityBillViewController.swift */; };
		D32C2DFD211BACF9008089AC /* BillDetailViewController.swift in Sources */ = {isa = PBXBuildFile; fileRef = D32C2DFC211BACF9008089AC /* BillDetailViewController.swift */; };
		D32C2E02211BCEB0008089AC /* ElectricityBill.swift in Sources */ = {isa = PBXBuildFile; fileRef = D32C2E01211BCEB0008089AC /* ElectricityBill.swift */; };
/* End PBXBuildFile section */

/* Begin PBXFileReference section */
		D32C2DDF211B9D60008089AC /* Electricitybill.app */ = {isa = PBXFileReference; explicitFileType = wrapper.application; includeInIndex = 0; path = Electricitybill.app; sourceTree = BUILT_PRODUCTS_DIR; };
		D32C2DE2211B9D60008089AC /* AppDelegate.swift */ = {isa = PBXFileReference; lastKnownFileType = sourcecode.swift; path = AppDelegate.swift; sourceTree = "<group>"; };
		D32C2DE4211B9D60008089AC /* SplashViewController.swift */ = {isa = PBXFileReference; lastKnownFileType = sourcecode.swift; path = SplashViewController.swift; sourceTree = "<group>"; };
		D32C2DE7211B9D60008089AC /* Base */ = {isa = PBXFileReference; lastKnownFileType = file.storyboard; name = Base; path = Base.lproj/Main.storyboard; sourceTree = "<group>"; };
		D32C2DE9211B9D62008089AC /* Assets.xcassets */ = {isa = PBXFileReference; lastKnownFileType = folder.assetcatalog; path = Assets.xcassets; sourceTree = "<group>"; };
		D32C2DEC211B9D62008089AC /* Base */ = {isa = PBXFileReference; lastKnownFileType = file.storyboard; name = Base; path = Base.lproj/LaunchScreen.storyboard; sourceTree = "<group>"; };
		D32C2DEE211B9D62008089AC /* Info.plist */ = {isa = PBXFileReference; lastKnownFileType = text.plist.xml; path = Info.plist; sourceTree = "<group>"; };
		D32C2DF6211BA049008089AC /* electricityimage.jpg */ = {isa = PBXFileReference; lastKnownFileType = image.jpeg; path = electricityimage.jpg; sourceTree = "<group>"; };
		D32C2DF8211BA639008089AC /* LoginScreenViewController.swift */ = {isa = PBXFileReference; lastKnownFileType = sourcecode.swift; path = LoginScreenViewController.swift; sourceTree = "<group>"; };
		D32C2DFA211BACD7008089AC /* ElectricityBillViewController.swift */ = {isa = PBXFileReference; lastKnownFileType = sourcecode.swift; path = ElectricityBillViewController.swift; sourceTree = "<group>"; };
		D32C2DFC211BACF9008089AC /* BillDetailViewController.swift */ = {isa = PBXFileReference; lastKnownFileType = sourcecode.swift; path = BillDetailViewController.swift; sourceTree = "<group>"; };
		D32C2E01211BCEB0008089AC /* ElectricityBill.swift */ = {isa = PBXFileReference; lastKnownFileType = sourcecode.swift; path = ElectricityBill.swift; sourceTree = "<group>"; };
/* End PBXFileReference section */

/* Begin PBXFrameworksBuildPhase section */
		D32C2DDC211B9D60008089AC /* Frameworks */ = {
			isa = PBXFrameworksBuildPhase;
			buildActionMask = 2147483647;
			files = (
			);
			runOnlyForDeploymentPostprocessing = 0;
		};
/* End PBXFrameworksBuildPhase section */

/* Begin PBXGroup section */
		D32C2DD6211B9D60008089AC = {
			isa = PBXGroup;
			children = (
				D32C2DE1211B9D60008089AC /* Electricitybill */,
				D32C2DE0211B9D60008089AC /* Products */,
			);
			sourceTree = "<group>";
		};
		D32C2DE0211B9D60008089AC /* Products */ = {
			isa = PBXGroup;
			children = (
				D32C2DDF211B9D60008089AC /* Electricitybill.app */,
			);
			name = Products;
			sourceTree = "<group>";
		};
		D32C2DE1211B9D60008089AC /* Electricitybill */ = {
			isa = PBXGroup;
			children = (
				D32C2E00211BCE98008089AC /* Models */,
				D32C2DE2211B9D60008089AC /* AppDelegate.swift */,
				D32C2DE4211B9D60008089AC /* SplashViewController.swift */,
				D32C2DE6211B9D60008089AC /* Main.storyboard */,
				D32C2DE9211B9D62008089AC /* Assets.xcassets */,
				D32C2DF6211BA049008089AC /* electricityimage.jpg */,
				D32C2DEB211B9D62008089AC /* LaunchScreen.storyboard */,
				D32C2DEE211B9D62008089AC /* Info.plist */,
				D32C2DF8211BA639008089AC /* LoginScreenViewController.swift */,
				D32C2DFA211BACD7008089AC /* ElectricityBillViewController.swift */,
				D32C2DFC211BACF9008089AC /* BillDetailViewController.swift */,
			);
			path = Electricitybill;
			sourceTree = "<group>";
		};
		D32C2E00211BCE98008089AC /* Models */ = {
			isa = PBXGroup;
			children = (
				D32C2E01211BCEB0008089AC /* ElectricityBill.swift */,
			);
			path = Models;
			sourceTree = "<group>";
		};
/* End PBXGroup section */

/* Begin PBXNativeTarget section */
		D32C2DDE211B9D60008089AC /* Electricitybill */ = {
			isa = PBXNativeTarget;
			buildConfigurationList = D32C2DF1211B9D62008089AC /* Build configuration list for PBXNativeTarget "Electricitybill" */;
			buildPhases = (
				D32C2DDB211B9D60008089AC /* Sources */,
				D32C2DDC211B9D60008089AC /* Frameworks */,
				D32C2DDD211B9D60008089AC /* Resources */,
			);
			buildRules = (
			);
			dependencies = (
			);
			name = Electricitybill;
			productName = Electricitybill;
			productReference = D32C2DDF211B9D60008089AC /* Electricitybill.app */;
			productType = "com.apple.product-type.application";
		};
/* End PBXNativeTarget section */

/* Begin PBXProject section */
		D32C2DD7211B9D60008089AC /* Project object */ = {
			isa = PBXProject;
			attributes = {
				LastSwiftUpdateCheck = 0940;
				LastUpgradeCheck = 0940;
				ORGANIZATIONNAME = g;
				TargetAttributes = {
					D32C2DDE211B9D60008089AC = {
						CreatedOnToolsVersion = 9.4.1;
					};
				};
			};
			buildConfigurationList = D32C2DDA211B9D60008089AC /* Build configuration list for PBXProject "Electricitybill" */;
			compatibilityVersion = "Xcode 9.3";
			developmentRegion = en;
			hasScannedForEncodings = 0;
			knownRegions = (
				en,
				Base,
			);
			mainGroup = D32C2DD6211B9D60008089AC;
			productRefGroup = D32C2DE0211B9D60008089AC /* Products */;
			projectDirPath = "";
			projectRoot = "";
			targets = (
				D32C2DDE211B9D60008089AC /* Electricitybill */,
			);
		};
/* End PBXProject section */

/* Begin PBXResourcesBuildPhase section */
		D32C2DDD211B9D60008089AC /* Resources */ = {
			isa = PBXResourcesBuildPhase;
			buildActionMask = 2147483647;
			files = (
				D32C2DF7211BA049008089AC /* electricityimage.jpg in Resources */,
				D32C2DED211B9D62008089AC /* LaunchScreen.storyboard in Resources */,
				D32C2DEA211B9D62008089AC /* Assets.xcassets in Resources */,
				D32C2DE8211B9D60008089AC /* Main.storyboard in Resources */,
			);
			runOnlyForDeploymentPostprocessing = 0;
		};
/* End PBXResourcesBuildPhase section */

/* Begin PBXSourcesBuildPhase section */
		D32C2DDB211B9D60008089AC /* Sources */ = {
			isa = PBXSourcesBuildPhase;
			buildActionMask = 2147483647;
			files = (
				D32C2E02211BCEB0008089AC /* ElectricityBill.swift in Sources */,
				D32C2DE5211B9D60008089AC /* SplashViewController.swift in Sources */,
				D32C2DFD211BACF9008089AC /* BillDetailViewController.swift in Sources */,
				D32C2DFB211BACD7008089AC /* ElectricityBillViewController.swift in Sources */,
				D32C2DE3211B9D60008089AC /* AppDelegate.swift in Sources */,
				D32C2DF9211BA639008089AC /* LoginScreenViewController.swift in Sources */,
			);
			runOnlyForDeploymentPostprocessing = 0;
		};
/* End PBXSourcesBuildPhase section */

/* Begin PBXVariantGroup section */
		D32C2DE6211B9D60008089AC /* Main.storyboard */ = {
			isa = PBXVariantGroup;
			children = (
				D32C2DE7211B9D60008089AC /* Base */,
			);
			name = Main.storyboard;
			sourceTree = "<group>";
		};
		D32C2DEB211B9D62008089AC /* LaunchScreen.storyboard */ = {
			isa = PBXVariantGroup;
			children = (
				D32C2DEC211B9D62008089AC /* Base */,
			);
			name = LaunchScreen.storyboard;
			sourceTree = "<group>";
		};
/* End PBXVariantGroup section */

/* Begin XCBuildConfiguration section */
		D32C2DEF211B9D62008089AC /* Debug */ = {
			isa = XCBuildConfiguration;
			buildSettings = {
				ALWAYS_SEARCH_USER_PATHS = NO;
				CLANG_ANALYZER_NONNULL = YES;
				CLANG_ANALYZER_NUMBER_OBJECT_CONVERSION = YES_AGGRESSIVE;
				CLANG_CXX_LANGUAGE_STANDARD = "gnu++14";
				CLANG_CXX_LIBRARY = "libc++";
				CLANG_ENABLE_MODULES = YES;
				CLANG_ENABLE_OBJC_ARC = YES;
				CLANG_ENABLE_OBJC_WEAK = YES;
				CLANG_WARN_BLOCK_CAPTURE_AUTORELEASING = YES;
				CLANG_WARN_BOOL_CONVERSION = YES;
				CLANG_WARN_COMMA = YES;
				CLANG_WARN_CONSTANT_CONVERSION = YES;
				CLANG_WARN_DEPRECATED_OBJC_IMPLEMENTATIONS = YES;
				CLANG_WARN_DIRECT_OBJC_ISA_USAGE = YES_ERROR;
				CLANG_WARN_DOCUMENTATION_COMMENTS = YES;
				CLANG_WARN_EMPTY_BODY = YES;
				CLANG_WARN_ENUM_CONVERSION = YES;
				CLANG_WARN_INFINITE_RECURSION = YES;
				CLANG_WARN_INT_CONVERSION = YES;
				CLANG_WARN_NON_LITERAL_NULL_CONVERSION = YES;
				CLANG_WARN_OBJC_IMPLICIT_RETAIN_SELF = YES;
				CLANG_WARN_OBJC_LITERAL_CONVERSION = YES;
				CLANG_WARN_OBJC_ROOT_CLASS = YES_ERROR;
				CLANG_WARN_RANGE_LOOP_ANALYSIS = YES;
				CLANG_WARN_STRICT_PROTOTYPES = YES;
				CLANG_WARN_SUSPICIOUS_MOVE = YES;
				CLANG_WARN_UNGUARDED_AVAILABILITY = YES_AGGRESSIVE;
				CLANG_WARN_UNREACHABLE_CODE = YES;
				CLANG_WARN__DUPLICATE_METHOD_MATCH = YES;
				CODE_SIGN_IDENTITY = "iPhone Developer";
				COPY_PHASE_STRIP = NO;
				DEBUG_INFORMATION_FORMAT = dwarf;
				ENABLE_STRICT_OBJC_MSGSEND = YES;
				ENABLE_TESTABILITY = YES;
				GCC_C_LANGUAGE_STANDARD = gnu11;
				GCC_DYNAMIC_NO_PIC = NO;
				GCC_NO_COMMON_BLOCKS = YES;
				GCC_OPTIMIZATION_LEVEL = 0;
				GCC_PREPROCESSOR_DEFINITIONS = (
					"DEBUG=1",
					"$(inherited)",
				);
				GCC_WARN_64_TO_32_BIT_CONVERSION = YES;
				GCC_WARN_ABOUT_RETURN_TYPE = YES_ERROR;
				GCC_WARN_UNDECLARED_SELECTOR = YES;
				GCC_WARN_UNINITIALIZED_AUTOS = YES_AGGRESSIVE;
				GCC_WARN_UNUSED_FUNCTION = YES;
				GCC_WARN_UNUSED_VARIABLE = YES;
				IPHONEOS_DEPLOYMENT_TARGET = 11.4;
				MTL_ENABLE_DEBUG_INFO = YES;
				ONLY_ACTIVE_ARCH = YES;
				SDKROOT = iphoneos;
				SWIFT_ACTIVE_COMPILATION_CONDITIONS = DEBUG;
				SWIFT_OPTIMIZATION_LEVEL = "-Onone";
			};
			name = Debug;
		};
		D32C2DF0211B9D62008089AC /* Release */ = {
			isa = XCBuildConfiguration;
			buildSettings = {
				ALWAYS_SEARCH_USER_PATHS = NO;
				CLANG_ANALYZER_NONNULL = YES;
				CLANG_ANALYZER_NUMBER_OBJECT_CONVERSION = YES_AGGRESSIVE;
				CLANG_CXX_LANGUAGE_STANDARD = "gnu++14";
				CLANG_CXX_LIBRARY = "libc++";
				CLANG_ENABLE_MODULES = YES;
				CLANG_ENABLE_OBJC_ARC = YES;
				CLANG_ENABLE_OBJC_WEAK = YES;
				CLANG_WARN_BLOCK_CAPTURE_AUTORELEASING = YES;
				CLANG_WARN_BOOL_CONVERSION = YES;
				CLANG_WARN_COMMA = YES;
				CLANG_WARN_CONSTANT_CONVERSION = YES;
				CLANG_WARN_DEPRECATED_OBJC_IMPLEMENTATIONS = YES;
				CLANG_WARN_DIRECT_OBJC_ISA_USAGE = YES_ERROR;
				CLANG_WARN_DOCUMENTATION_COMMENTS = YES;
				CLANG_WARN_EMPTY_BODY = YES;
				CLANG_WARN_ENUM_CONVERSION = YES;
				CLANG_WARN_INFINITE_RECURSION = YES;
				CLANG_WARN_INT_CONVERSION = YES;
				CLANG_WARN_NON_LITERAL_NULL_CONVERSION = YES;
				CLANG_WARN_OBJC_IMPLICIT_RETAIN_SELF = YES;
				CLANG_WARN_OBJC_LITERAL_CONVERSION = YES;
				CLANG_WARN_OBJC_ROOT_CLASS = YES_ERROR;
				CLANG_WARN_RANGE_LOOP_ANALYSIS = YES;
				CLANG_WARN_STRICT_PROTOTYPES = YES;
				CLANG_WARN_SUSPICIOUS_MOVE = YES;
				CLANG_WARN_UNGUARDED_AVAILABILITY = YES_AGGRESSIVE;
				CLANG_WARN_UNREACHABLE_CODE = YES;
				CLANG_WARN__DUPLICATE_METHOD_MATCH = YES;
				CODE_SIGN_IDENTITY = "iPhone Developer";
				COPY_PHASE_STRIP = NO;
				DEBUG_INFORMATION_FORMAT = "dwarf-with-dsym";
				ENABLE_NS_ASSERTIONS = NO;
				ENABLE_STRICT_OBJC_MSGSEND = YES;
				GCC_C_LANGUAGE_STANDARD = gnu11;
				GCC_NO_COMMON_BLOCKS = YES;
				GCC_WARN_64_TO_32_BIT_CONVERSION = YES;
				GCC_WARN_ABOUT_RETURN_TYPE = YES_ERROR;
				GCC_WARN_UNDECLARED_SELECTOR = YES;
				GCC_WARN_UNINITIALIZED_AUTOS = YES_AGGRESSIVE;
				GCC_WARN_UNUSED_FUNCTION = YES;
				GCC_WARN_UNUSED_VARIABLE = YES;
				IPHONEOS_DEPLOYMENT_TARGET = 11.4;
				MTL_ENABLE_DEBUG_INFO = NO;
				SDKROOT = iphoneos;
				SWIFT_COMPILATION_MODE = wholemodule;
				SWIFT_OPTIMIZATION_LEVEL = "-O";
				VALIDATE_PRODUCT = YES;
			};
			name = Release;
		};
		D32C2DF2211B9D62008089AC /* Debug */ = {
			isa = XCBuildConfiguration;
			buildSettings = {
				ASSETCATALOG_COMPILER_APPICON_NAME = AppIcon;
				CODE_SIGN_STYLE = Automatic;
				INFOPLIST_FILE = Electricitybill/Info.plist;
				IPHONEOS_DEPLOYMENT_TARGET = 9.0;
				LD_RUNPATH_SEARCH_PATHS = (
					"$(inherited)",
					"@executable_path/Frameworks",
				);
				PRODUCT_BUNDLE_IDENTIFIER = abc.Electricitybill;
				PRODUCT_NAME = "$(TARGET_NAME)";
				SDKROOT = iphoneos;
				SWIFT_VERSION = 4.0;
				TARGETED_DEVICE_FAMILY = "1,2";
			};
			name = Debug;
		};
		D32C2DF3211B9D62008089AC /* Release */ = {
			isa = XCBuildConfiguration;
			buildSettings = {
				ASSETCATALOG_COMPILER_APPICON_NAME = AppIcon;
				CODE_SIGN_STYLE = Automatic;
				INFOPLIST_FILE = Electricitybill/Info.plist;
				IPHONEOS_DEPLOYMENT_TARGET = 9.0;
				LD_RUNPATH_SEARCH_PATHS = (
					"$(inherited)",
					"@executable_path/Frameworks",
				);
				PRODUCT_BUNDLE_IDENTIFIER = abc.Electricitybill;
				PRODUCT_NAME = "$(TARGET_NAME)";
				SDKROOT = iphoneos;
				SWIFT_VERSION = 4.0;
				TARGETED_DEVICE_FAMILY = "1,2";
			};
			name = Release;
		};
/* End XCBuildConfiguration section */

/* Begin XCConfigurationList section */
		D32C2DDA211B9D60008089AC /* Build configuration list for PBXProject "Electricitybill" */ = {
			isa = XCConfigurationList;
			buildConfigurations = (
				D32C2DEF211B9D62008089AC /* Debug */,
				D32C2DF0211B9D62008089AC /* Release */,
			);
			defaultConfigurationIsVisible = 0;
			defaultConfigurationName = Release;
		};
		D32C2DF1211B9D62008089AC /* Build configuration list for PBXNativeTarget "Electricitybill" */ = {
			isa = XCConfigurationList;
			buildConfigurations = (
				D32C2DF2211B9D62008089AC /* Debug */,
				D32C2DF3211B9D62008089AC /* Release */,
			);
			defaultConfigurationIsVisible = 0;
			defaultConfigurationName = Release;
		};
/* End XCConfigurationList section */
	};
	rootObject = D32C2DD7211B9D60008089AC /* Project object */;
}
